
Microsoft Visual Studio Solution File, Format Version 12.00
# Visual Studio Version 17
VisualStudioVersion = 17.2.32616.157
MinimumVisualStudioVersion = 10.0.40219.1
Project("{FAE04EC0-301F-11D3-BF4B-00C04F79EFBC}") = "FilmeAPI", "FilmeAPI\FilmeAPI.csproj", "{D4885298-D566-44EB-8002-03BFBDB5390D}"
EndProject
Global
	GlobalSection(SolutionConfigurationPlatforms) = preSolution
		Debug|Any CPU = Debug|Any CPU
		Release|Any CPU = Release|Any CPU
	EndGlobalSection
	GlobalSection(ProjectConfigurationPlatforms) = postSolution
		{D4885298-D566-44EB-8002-03BFBDB5390D}.Debug|Any CPU.ActiveCfg = Debug|Any CPU
		{D4885298-D566-44EB-8002-03BFBDB5390D}.Debug|Any CPU.Build.0 = Debug|Any CPU
		{D4885298-D566-44EB-8002-03BFBDB5390D}.Release|Any CPU.ActiveCfg = Release|Any CPU
		{D4885298-D566-44EB-8002-03BFBDB5390D}.Release|Any CPU.Build.0 = Release|Any CPU
	EndGlobalSection
	GlobalSection(SolutionProperties) = preSolution
		HideSolutionNode = FALSE
	EndGlobalSection
	GlobalSection(ExtensibilityGlobals) = postSolution
		SolutionGuid = {20ACAA80-CFC2-4C74-8C05-AC7342B63783}
	EndGlobalSection
EndGlobal
